// !$*UTF8*$!
{
	archiveVersion = 1;
	classes = {
	};
	objectVersion = 50;
	objects = {

/* Begin PBXBuildFile section */
		245BA138251A540B0098AEEA /* utils.swift in Sources */ = {isa = PBXBuildFile; fileRef = 245BA136251A540B0098AEEA /* utils.swift */; };
		245BA139251A540B0098AEEA /* Bezier.swift in Sources */ = {isa = PBXBuildFile; fileRef = 245BA137251A540B0098AEEA /* Bezier.swift */; };
		245BA13B251A54600098AEEA /* Bezier+Static.swift in Sources */ = {isa = PBXBuildFile; fileRef = 245BA13A251A54600098AEEA /* Bezier+Static.swift */; };
		245BA13D251A54DB0098AEEA /* Coordinate.swift in Sources */ = {isa = PBXBuildFile; fileRef = 245BA13C251A54DB0098AEEA /* Coordinate.swift */; };
		249E3F1D2516746900C85308 /* AppDelegate.swift in Sources */ = {isa = PBXBuildFile; fileRef = 249E3F1C2516746900C85308 /* AppDelegate.swift */; };
		249E3F1F2516746900C85308 /* SceneDelegate.swift in Sources */ = {isa = PBXBuildFile; fileRef = 249E3F1E2516746900C85308 /* SceneDelegate.swift */; };
		249E3F212516746900C85308 /* ViewController.swift in Sources */ = {isa = PBXBuildFile; fileRef = 249E3F202516746900C85308 /* ViewController.swift */; };
		249E3F242516746900C85308 /* Main.storyboard in Resources */ = {isa = PBXBuildFile; fileRef = 249E3F222516746900C85308 /* Main.storyboard */; };
		249E3F262516747100C85308 /* Assets.xcassets in Resources */ = {isa = PBXBuildFile; fileRef = 249E3F252516747100C85308 /* Assets.xcassets */; };
		249E3F292516747100C85308 /* LaunchScreen.storyboard in Resources */ = {isa = PBXBuildFile; fileRef = 249E3F272516747100C85308 /* LaunchScreen.storyboard */; };
/* End PBXBuildFile section */

/* Begin PBXFileReference section */
		245BA136251A540B0098AEEA /* utils.swift */ = {isa = PBXFileReference; fileEncoding = 4; lastKnownFileType = sourcecode.swift; path = utils.swift; sourceTree = "<group>"; };
		245BA137251A540B0098AEEA /* Bezier.swift */ = {isa = PBXFileReference; fileEncoding = 4; lastKnownFileType = sourcecode.swift; path = Bezier.swift; sourceTree = "<group>"; };
		245BA13A251A54600098AEEA /* Bezier+Static.swift */ = {isa = PBXFileReference; lastKnownFileType = sourcecode.swift; path = "Bezier+Static.swift"; sourceTree = "<group>"; };
		245BA13C251A54DB0098AEEA /* Coordinate.swift */ = {isa = PBXFileReference; lastKnownFileType = sourcecode.swift; path = Coordinate.swift; sourceTree = "<group>"; };
		249E3F192516746900C85308 /* Bezier.app */ = {isa = PBXFileReference; explicitFileType = wrapper.application; includeInIndex = 0; path = Bezier.app; sourceTree = BUILT_PRODUCTS_DIR; };
		249E3F1C2516746900C85308 /* AppDelegate.swift */ = {isa = PBXFileReference; lastKnownFileType = sourcecode.swift; path = AppDelegate.swift; sourceTree = "<group>"; };
		249E3F1E2516746900C85308 /* SceneDelegate.swift */ = {isa = PBXFileReference; lastKnownFileType = sourcecode.swift; path = SceneDelegate.swift; sourceTree = "<group>"; };
		249E3F202516746900C85308 /* ViewController.swift */ = {isa = PBXFileReference; lastKnownFileType = sourcecode.swift; path = ViewController.swift; sourceTree = "<group>"; };
		249E3F232516746900C85308 /* Base */ = {isa = PBXFileReference; lastKnownFileType = file.storyboard; name = Base; path = Base.lproj/Main.storyboard; sourceTree = "<group>"; };
		249E3F252516747100C85308 /* Assets.xcassets */ = {isa = PBXFileReference; lastKnownFileType = folder.assetcatalog; path = Assets.xcassets; sourceTree = "<group>"; };
		249E3F282516747100C85308 /* Base */ = {isa = PBXFileReference; lastKnownFileType = file.storyboard; name = Base; path = Base.lproj/LaunchScreen.storyboard; sourceTree = "<group>"; };
		249E3F2A2516747100C85308 /* Info.plist */ = {isa = PBXFileReference; lastKnownFileType = text.plist.xml; path = Info.plist; sourceTree = "<group>"; };
/* End PBXFileReference section */

/* Begin PBXFrameworksBuildPhase section */
		249E3F162516746900C85308 /* Frameworks */ = {
			isa = PBXFrameworksBuildPhase;
			buildActionMask = 2147483647;
			files = (
			);
			runOnlyForDeploymentPostprocessing = 0;
		};
/* End PBXFrameworksBuildPhase section */

/* Begin PBXGroup section */
		245BA135251A540B0098AEEA /* lib */ = {
			isa = PBXGroup;
			children = (
				245BA137251A540B0098AEEA /* Bezier.swift */,
				245BA13C251A54DB0098AEEA /* Coordinate.swift */,
				245BA13A251A54600098AEEA /* Bezier+Static.swift */,
				245BA136251A540B0098AEEA /* utils.swift */,
			);
			name = lib;
			path = ../../lib;
			sourceTree = "<group>";
		};
		249E3F102516746800C85308 = {
			isa = PBXGroup;
			children = (
				249E3F1B2516746900C85308 /* Bezier */,
				249E3F1A2516746900C85308 /* Products */,
			);
			sourceTree = "<group>";
		};
		249E3F1A2516746900C85308 /* Products */ = {
			isa = PBXGroup;
			children = (
				249E3F192516746900C85308 /* Bezier.app */,
			);
			name = Products;
			sourceTree = "<group>";
		};
		249E3F1B2516746900C85308 /* Bezier */ = {
			isa = PBXGroup;
			children = (
				249E3F1C2516746900C85308 /* AppDelegate.swift */,
				249E3F1E2516746900C85308 /* SceneDelegate.swift */,
				249E3F202516746900C85308 /* ViewController.swift */,
				245BA135251A540B0098AEEA /* lib */,
				249E3F222516746900C85308 /* Main.storyboard */,
				249E3F252516747100C85308 /* Assets.xcassets */,
				249E3F272516747100C85308 /* LaunchScreen.storyboard */,
				249E3F2A2516747100C85308 /* Info.plist */,
			);
			path = Bezier;
			sourceTree = "<group>";
		};
/* End PBXGroup section */

/* Begin PBXNativeTarget section */
		249E3F182516746900C85308 /* Bezier */ = {
			isa = PBXNativeTarget;
			buildConfigurationList = 249E3F2D2516747100C85308 /* Build configuration list for PBXNativeTarget "Bezier" */;
			buildPhases = (
				249E3F152516746900C85308 /* Sources */,
				249E3F162516746900C85308 /* Frameworks */,
				249E3F172516746900C85308 /* Resources */,
			);
			buildRules = (
			);
			dependencies = (
			);
			name = Bezier;
			productName = Bezier;
			productReference = 249E3F192516746900C85308 /* Bezier.app */;
			productType = "com.apple.product-type.application";
		};
/* End PBXNativeTarget section */

/* Begin PBXProject section */
		249E3F112516746800C85308 /* Project object */ = {
			isa = PBXProject;
			attributes = {
				LastSwiftUpdateCheck = 1140;
				LastUpgradeCheck = 1140;
				ORGANIZATIONNAME = Tangweichun;
				TargetAttributes = {
					249E3F182516746900C85308 = {
						CreatedOnToolsVersion = 11.4.1;
					};
				};
			};
			buildConfigurationList = 249E3F142516746800C85308 /* Build configuration list for PBXProject "Bezier" */;
			compatibilityVersion = "Xcode 9.3";
			developmentRegion = en;
			hasScannedForEncodings = 0;
			knownRegions = (
				en,
				Base,
			);
			mainGroup = 249E3F102516746800C85308;
			productRefGroup = 249E3F1A2516746900C85308 /* Products */;
			projectDirPath = "";
			projectRoot = "";
			targets = (
				249E3F182516746900C85308 /* Bezier */,
			);
		};
/* End PBXProject section */

/* Begin PBXResourcesBuildPhase section */
		249E3F172516746900C85308 /* Resources */ = {
			isa = PBXResourcesBuildPhase;
			buildActionMask = 2147483647;
			files = (
				249E3F292516747100C85308 /* LaunchScreen.storyboard in Resources */,
				249E3F262516747100C85308 /* Assets.xcassets in Resources */,
				249E3F242516746900C85308 /* Main.storyboard in Resources */,
			);
			runOnlyForDeploymentPostprocessing = 0;
		};
/* End PBXResourcesBuildPhase section */

/* Begin PBXSourcesBuildPhase section */
		249E3F152516746900C85308 /* Sources */ = {
			isa = PBXSourcesBuildPhase;
			buildActionMask = 2147483647;
			files = (
				245BA13D251A54DB0098AEEA /* Coordinate.swift in Sources */,
				249E3F212516746900C85308 /* ViewController.swift in Sources */,
				245BA139251A540B0098AEEA /* Bezier.swift in Sources */,
				249E3F1D2516746900C85308 /* AppDelegate.swift in Sources */,
				249E3F1F2516746900C85308 /* SceneDelegate.swift in Sources */,
				245BA13B251A54600098AEEA /* Bezier+Static.swift in Sources */,
				245BA138251A540B0098AEEA /* utils.swift in Sources */,
			);
			runOnlyForDeploymentPostprocessing = 0;
		};
/* End PBXSourcesBuildPhase section */

/* Begin PBXVariantGroup section */
		249E3F222516746900C85308 /* Main.storyboard */ = {
			isa = PBXVariantGroup;
			children = (
				249E3F232516746900C85308 /* Base */,
			);
			name = Main.storyboard;
			sourceTree = "<group>";
		};
		249E3F272516747100C85308 /* LaunchScreen.storyboard */ = {
			isa = PBXVariantGroup;
			children = (
				249E3F282516747100C85308 /* Base */,
			);
			name = LaunchScreen.storyboard;
			sourceTree = "<group>";
		};
/* End PBXVariantGroup section */

/* Begin XCBuildConfiguration section */
		249E3F2B2516747100C85308 /* Debug */ = {
			isa = XCBuildConfiguration;
			buildSettings = {
				ALWAYS_SEARCH_USER_PATHS = NO;
				CLANG_ANALYZER_NONNULL = YES;
				CLANG_ANALYZER_NUMBER_OBJECT_CONVERSION = YES_AGGRESSIVE;
				CLANG_CXX_LANGUAGE_STANDARD = "gnu++14";
				CLANG_CXX_LIBRARY = "libc++";
				CLANG_ENABLE_MODULES = YES;
				CLANG_ENABLE_OBJC_ARC = YES;
				CLANG_ENABLE_OBJC_WEAK = YES;
				CLANG_WARN_BLOCK_CAPTURE_AUTORELEASING = YES;
				CLANG_WARN_BOOL_CONVERSION = YES;
				CLANG_WARN_COMMA = YES;
				CLANG_WARN_CONSTANT_CONVERSION = YES;
				CLANG_WARN_DEPRECATED_OBJC_IMPLEMENTATIONS = YES;
				CLANG_WARN_DIRECT_OBJC_ISA_USAGE = YES_ERROR;
				CLANG_WARN_DOCUMENTATION_COMMENTS = YES;
				CLANG_WARN_EMPTY_BODY = YES;
				CLANG_WARN_ENUM_CONVERSION = YES;
				CLANG_WARN_INFINITE_RECURSION = YES;
				CLANG_WARN_INT_CONVERSION = YES;
				CLANG_WARN_NON_LITERAL_NULL_CONVERSION = YES;
				CLANG_WARN_OBJC_IMPLICIT_RETAIN_SELF = YES;
				CLANG_WARN_OBJC_LITERAL_CONVERSION = YES;
				CLANG_WARN_OBJC_ROOT_CLASS = YES_ERROR;
				CLANG_WARN_RANGE_LOOP_ANALYSIS = YES;
				CLANG_WARN_STRICT_PROTOTYPES = YES;
				CLANG_WARN_SUSPICIOUS_MOVE = YES;
				CLANG_WARN_UNGUARDED_AVAILABILITY = YES_AGGRESSIVE;
				CLANG_WARN_UNREACHABLE_CODE = YES;
				CLANG_WARN__DUPLICATE_METHOD_MATCH = YES;
				COPY_PHASE_STRIP = NO;
				DEBUG_INFORMATION_FORMAT = dwarf;
				ENABLE_STRICT_OBJC_MSGSEND = YES;
				ENABLE_TESTABILITY = YES;
				GCC_C_LANGUAGE_STANDARD = gnu11;
				GCC_DYNAMIC_NO_PIC = NO;
				GCC_NO_COMMON_BLOCKS = YES;
				GCC_OPTIMIZATION_LEVEL = 0;
				GCC_PREPROCESSOR_DEFINITIONS = (
					"DEBUG=1",
					"$(inherited)",
				);
				GCC_WARN_64_TO_32_BIT_CONVERSION = YES;
				GCC_WARN_ABOUT_RETURN_TYPE = YES_ERROR;
				GCC_WARN_UNDECLARED_SELECTOR = YES;
				GCC_WARN_UNINITIALIZED_AUTOS = YES_AGGRESSIVE;
				GCC_WARN_UNUSED_FUNCTION = YES;
				GCC_WARN_UNUSED_VARIABLE = YES;
				IPHONEOS_DEPLOYMENT_TARGET = 13.4;
				MTL_ENABLE_DEBUG_INFO = INCLUDE_SOURCE;
				MTL_FAST_MATH = YES;
				ONLY_ACTIVE_ARCH = YES;
				SDKROOT = iphoneos;
				SWIFT_ACTIVE_COMPILATION_CONDITIONS = DEBUG;
				SWIFT_OPTIMIZATION_LEVEL = "-Onone";
			};
			name = Debug;
		};
		249E3F2C2516747100C85308 /* Release */ = {
			isa = XCBuildConfiguration;
			buildSettings = {
				ALWAYS_SEARCH_USER_PATHS = NO;
				CLANG_ANALYZER_NONNULL = YES;
				CLANG_ANALYZER_NUMBER_OBJECT_CONVERSION = YES_AGGRESSIVE;
				CLANG_CXX_LANGUAGE_STANDARD = "gnu++14";
				CLANG_CXX_LIBRARY = "libc++";
				CLANG_ENABLE_MODULES = YES;
				CLANG_ENABLE_OBJC_ARC = YES;
				CLANG_ENABLE_OBJC_WEAK = YES;
				CLANG_WARN_BLOCK_CAPTURE_AUTORELEASING = YES;
				CLANG_WARN_BOOL_CONVERSION = YES;
				CLANG_WARN_COMMA = YES;
				CLANG_WARN_CONSTANT_CONVERSION = YES;
				CLANG_WARN_DEPRECATED_OBJC_IMPLEMENTATIONS = YES;
				CLANG_WARN_DIRECT_OBJC_ISA_USAGE = YES_ERROR;
				CLANG_WARN_DOCUMENTATION_COMMENTS = YES;
				CLANG_WARN_EMPTY_BODY = YES;
				CLANG_WARN_ENUM_CONVERSION = YES;
				CLANG_WARN_INFINITE_RECURSION = YES;
				CLANG_WARN_INT_CONVERSION = YES;
				CLANG_WARN_NON_LITERAL_NULL_CONVERSION = YES;
				CLANG_WARN_OBJC_IMPLICIT_RETAIN_SELF = YES;
				CLANG_WARN_OBJC_LITERAL_CONVERSION = YES;
				CLANG_WARN_OBJC_ROOT_CLASS = YES_ERROR;
				CLANG_WARN_RANGE_LOOP_ANALYSIS = YES;
				CLANG_WARN_STRICT_PROTOTYPES = YES;
				CLANG_WARN_SUSPICIOUS_MOVE = YES;
				CLANG_WARN_UNGUARDED_AVAILABILITY = YES_AGGRESSIVE;
				CLANG_WARN_UNREACHABLE_CODE = YES;
				CLANG_WARN__DUPLICATE_METHOD_MATCH = YES;
				COPY_PHASE_STRIP = NO;
				DEBUG_INFORMATION_FORMAT = "dwarf-with-dsym";
				ENABLE_NS_ASSERTIONS = NO;
				ENABLE_STRICT_OBJC_MSGSEND = YES;
				GCC_C_LANGUAGE_STANDARD = gnu11;
				GCC_NO_COMMON_BLOCKS = YES;
				GCC_WARN_64_TO_32_BIT_CONVERSION = YES;
				GCC_WARN_ABOUT_RETURN_TYPE = YES_ERROR;
				GCC_WARN_UNDECLARED_SELECTOR = YES;
				GCC_WARN_UNINITIALIZED_AUTOS = YES_AGGRESSIVE;
				GCC_WARN_UNUSED_FUNCTION = YES;
				GCC_WARN_UNUSED_VARIABLE = YES;
				IPHONEOS_DEPLOYMENT_TARGET = 13.4;
				MTL_ENABLE_DEBUG_INFO = NO;
				MTL_FAST_MATH = YES;
				SDKROOT = iphoneos;
				SWIFT_COMPILATION_MODE = wholemodule;
				SWIFT_OPTIMIZATION_LEVEL = "-O";
				VALIDATE_PRODUCT = YES;
			};
			name = Release;
		};
		249E3F2E2516747100C85308 /* Debug */ = {
			isa = XCBuildConfiguration;
			buildSettings = {
				ASSETCATALOG_COMPILER_APPICON_NAME = AppIcon;
				CODE_SIGN_STYLE = Automatic;
				DEVELOPMENT_TEAM = P7KRLXYB6S;
				INFOPLIST_FILE = Bezier/Info.plist;
				IPHONEOS_DEPLOYMENT_TARGET = 11.0;
				LD_RUNPATH_SEARCH_PATHS = (
					"$(inherited)",
					"@executable_path/Frameworks",
				);
				PRODUCT_BUNDLE_IDENTIFIER = com.tangweichun.Bezier;
				PRODUCT_NAME = "$(TARGET_NAME)";
				SWIFT_VERSION = 5.0;
				TARGETED_DEVICE_FAMILY = "1,2";
			};
			name = Debug;
		};
		249E3F2F2516747100C85308 /* Release */ = {
			isa = XCBuildConfiguration;
			buildSettings = {
				ASSETCATALOG_COMPILER_APPICON_NAME = AppIcon;
				CODE_SIGN_STYLE = Automatic;
				DEVELOPMENT_TEAM = P7KRLXYB6S;
				INFOPLIST_FILE = Bezier/Info.plist;
				IPHONEOS_DEPLOYMENT_TARGET = 11.0;
				LD_RUNPATH_SEARCH_PATHS = (
					"$(inherited)",
					"@executable_path/Frameworks",
				);
				PRODUCT_BUNDLE_IDENTIFIER = com.tangweichun.Bezier;
				PRODUCT_NAME = "$(TARGET_NAME)";
				SWIFT_VERSION = 5.0;
				TARGETED_DEVICE_FAMILY = "1,2";
			};
			name = Release;
		};
/* End XCBuildConfiguration section */

/* Begin XCConfigurationList section */
		249E3F142516746800C85308 /* Build configuration list for PBXProject "Bezier" */ = {
			isa = XCConfigurationList;
			buildConfigurations = (
				249E3F2B2516747100C85308 /* Debug */,
				249E3F2C2516747100C85308 /* Release */,
			);
			defaultConfigurationIsVisible = 0;
			defaultConfigurationName = Release;
		};
		249E3F2D2516747100C85308 /* Build configuration list for PBXNativeTarget "Bezier" */ = {
			isa = XCConfigurationList;
			buildConfigurations = (
				249E3F2E2516747100C85308 /* Debug */,
				249E3F2F2516747100C85308 /* Release */,
			);
			defaultConfigurationIsVisible = 0;
			defaultConfigurationName = Release;
		};
/* End XCConfigurationList section */
	};
	rootObject = 249E3F112516746800C85308 /* Project object */;
}
